
Microsoft Visual Studio Solution File, Format Version 12.00
# Visual Studio Version 17
VisualStudioVersion = 17.2.32630.192
MinimumVisualStudioVersion = 10.0.40219.1
Project("{2150E333-8FDC-42A3-9474-1A3956D46DE8}") = "Services", "Services", "{82C3C8B5-8BF5-4992-BAC7-53280FB14D19}"
EndProject
Project("{2150E333-8FDC-42A3-9474-1A3956D46DE8}") = "Bucket", "Bucket", "{58B95CC4-FACD-453B-996F-64D53D93598C}"
EndProject
Project("{2150E333-8FDC-42A3-9474-1A3956D46DE8}") = "Item", "Item", "{7B877BEE-C148-4CC6-A87E-A918C5EFD907}"
EndProject
Project("{2150E333-8FDC-42A3-9474-1A3956D46DE8}") = "Category", "Category", "{3023329E-ED25-400C-AAA1-B574677D4D27}"
EndProject
Project("{9A19103F-16F7-4668-BE54-9A1E7A4F7556}") = "Bucket.Api", "Bucket.Api\Bucket.Api.csproj", "{AB94BB9F-A6B6-437C-95B8-4255A68C8C00}"
EndProject
Project("{FAE04EC0-301F-11D3-BF4B-00C04F79EFBC}") = "BucketUnitTests", "BucketUnitTests\BucketUnitTests.csproj", "{E7226854-DB2B-4B3B-8FEC-3770097DA5B3}"
EndProject
Project("{9A19103F-16F7-4668-BE54-9A1E7A4F7556}") = "Category.Api", "Category.Api\Category.Api.csproj", "{F0502649-C581-4968-8AA9-80083B25C1FD}"
EndProject
Project("{FAE04EC0-301F-11D3-BF4B-00C04F79EFBC}") = "CategoryUnitTest", "CategoryUnitTest\CategoryUnitTest.csproj", "{D7A108B1-55E5-4BD4-A770-AB090B7C9A8E}"
EndProject
Project("{9A19103F-16F7-4668-BE54-9A1E7A4F7556}") = "Item.Api", "Item.Api\Item.Api.csproj", "{15951647-C238-4570-8FC7-FC94ABD5BD84}"
EndProject
Project("{FAE04EC0-301F-11D3-BF4B-00C04F79EFBC}") = "ItemUnitTest", "ItemUnitTest\ItemUnitTest.csproj", "{82895B07-0EBC-4030-93EA-7F8245298288}"
EndProject
Project("{2150E333-8FDC-42A3-9474-1A3956D46DE8}") = "ApiGateway", "ApiGateway", "{488CEE20-3285-4D89-AD1A-5226913E88BA}"
EndProject
Project("{E53339B2-1760-4266-BCC7-CA923CBCF16C}") = "docker-compose", "docker-compose.dcproj", "{2078B9DD-9EEB-49FE-AEA6-E2025C7FD003}"
EndProject
Project("{2150E333-8FDC-42A3-9474-1A3956D46DE8}") = "BuildingBlocks", "BuildingBlocks", "{951C0475-27EC-4EC3-8CC5-2EEE776F0ABD}"
EndProject
Project("{FAE04EC0-301F-11D3-BF4B-00C04F79EFBC}") = "EventBus.Messenger", "..\EventBus.Messenger\EventBus.Messenger.csproj", "{579C4715-598F-4A46-95B5-095BFEF005C4}"
EndProject
Global
	GlobalSection(SolutionConfigurationPlatforms) = preSolution
		Debug|Any CPU = Debug|Any CPU
		Release|Any CPU = Release|Any CPU
	EndGlobalSection
	GlobalSection(ProjectConfigurationPlatforms) = postSolution
		{AB94BB9F-A6B6-437C-95B8-4255A68C8C00}.Debug|Any CPU.ActiveCfg = Debug|Any CPU
		{AB94BB9F-A6B6-437C-95B8-4255A68C8C00}.Debug|Any CPU.Build.0 = Debug|Any CPU
		{AB94BB9F-A6B6-437C-95B8-4255A68C8C00}.Release|Any CPU.ActiveCfg = Release|Any CPU
		{AB94BB9F-A6B6-437C-95B8-4255A68C8C00}.Release|Any CPU.Build.0 = Release|Any CPU
		{E7226854-DB2B-4B3B-8FEC-3770097DA5B3}.Debug|Any CPU.ActiveCfg = Debug|Any CPU
		{E7226854-DB2B-4B3B-8FEC-3770097DA5B3}.Debug|Any CPU.Build.0 = Debug|Any CPU
		{E7226854-DB2B-4B3B-8FEC-3770097DA5B3}.Release|Any CPU.ActiveCfg = Release|Any CPU
		{E7226854-DB2B-4B3B-8FEC-3770097DA5B3}.Release|Any CPU.Build.0 = Release|Any CPU
		{F0502649-C581-4968-8AA9-80083B25C1FD}.Debug|Any CPU.ActiveCfg = Debug|Any CPU
		{F0502649-C581-4968-8AA9-80083B25C1FD}.Debug|Any CPU.Build.0 = Debug|Any CPU
		{F0502649-C581-4968-8AA9-80083B25C1FD}.Release|Any CPU.ActiveCfg = Release|Any CPU
		{F0502649-C581-4968-8AA9-80083B25C1FD}.Release|Any CPU.Build.0 = Release|Any CPU
		{D7A108B1-55E5-4BD4-A770-AB090B7C9A8E}.Debug|Any CPU.ActiveCfg = Debug|Any CPU
		{D7A108B1-55E5-4BD4-A770-AB090B7C9A8E}.Debug|Any CPU.Build.0 = Debug|Any CPU
		{D7A108B1-55E5-4BD4-A770-AB090B7C9A8E}.Release|Any CPU.ActiveCfg = Release|Any CPU
		{D7A108B1-55E5-4BD4-A770-AB090B7C9A8E}.Release|Any CPU.Build.0 = Release|Any CPU
		{15951647-C238-4570-8FC7-FC94ABD5BD84}.Debug|Any CPU.ActiveCfg = Debug|Any CPU
		{15951647-C238-4570-8FC7-FC94ABD5BD84}.Debug|Any CPU.Build.0 = Debug|Any CPU
		{15951647-C238-4570-8FC7-FC94ABD5BD84}.Release|Any CPU.ActiveCfg = Release|Any CPU
		{15951647-C238-4570-8FC7-FC94ABD5BD84}.Release|Any CPU.Build.0 = Release|Any CPU
		{82895B07-0EBC-4030-93EA-7F8245298288}.Debug|Any CPU.ActiveCfg = Debug|Any CPU
		{82895B07-0EBC-4030-93EA-7F8245298288}.Debug|Any CPU.Build.0 = Debug|Any CPU
		{82895B07-0EBC-4030-93EA-7F8245298288}.Release|Any CPU.ActiveCfg = Release|Any CPU
		{82895B07-0EBC-4030-93EA-7F8245298288}.Release|Any CPU.Build.0 = Release|Any CPU
		{2078B9DD-9EEB-49FE-AEA6-E2025C7FD003}.Debug|Any CPU.ActiveCfg = Debug|Any CPU
		{2078B9DD-9EEB-49FE-AEA6-E2025C7FD003}.Debug|Any CPU.Build.0 = Debug|Any CPU
		{2078B9DD-9EEB-49FE-AEA6-E2025C7FD003}.Release|Any CPU.ActiveCfg = Release|Any CPU
		{2078B9DD-9EEB-49FE-AEA6-E2025C7FD003}.Release|Any CPU.Build.0 = Release|Any CPU
		{579C4715-598F-4A46-95B5-095BFEF005C4}.Debug|Any CPU.ActiveCfg = Debug|Any CPU
		{579C4715-598F-4A46-95B5-095BFEF005C4}.Debug|Any CPU.Build.0 = Debug|Any CPU
		{579C4715-598F-4A46-95B5-095BFEF005C4}.Release|Any CPU.ActiveCfg = Release|Any CPU
		{579C4715-598F-4A46-95B5-095BFEF005C4}.Release|Any CPU.Build.0 = Release|Any CPU
	EndGlobalSection
	GlobalSection(SolutionProperties) = preSolution
		HideSolutionNode = FALSE
	EndGlobalSection
	GlobalSection(NestedProjects) = preSolution
		{58B95CC4-FACD-453B-996F-64D53D93598C} = {82C3C8B5-8BF5-4992-BAC7-53280FB14D19}
		{7B877BEE-C148-4CC6-A87E-A918C5EFD907} = {82C3C8B5-8BF5-4992-BAC7-53280FB14D19}
		{3023329E-ED25-400C-AAA1-B574677D4D27} = {82C3C8B5-8BF5-4992-BAC7-53280FB14D19}
		{AB94BB9F-A6B6-437C-95B8-4255A68C8C00} = {58B95CC4-FACD-453B-996F-64D53D93598C}
		{E7226854-DB2B-4B3B-8FEC-3770097DA5B3} = {58B95CC4-FACD-453B-996F-64D53D93598C}
		{F0502649-C581-4968-8AA9-80083B25C1FD} = {3023329E-ED25-400C-AAA1-B574677D4D27}
		{D7A108B1-55E5-4BD4-A770-AB090B7C9A8E} = {3023329E-ED25-400C-AAA1-B574677D4D27}
		{15951647-C238-4570-8FC7-FC94ABD5BD84} = {7B877BEE-C148-4CC6-A87E-A918C5EFD907}
		{82895B07-0EBC-4030-93EA-7F8245298288} = {7B877BEE-C148-4CC6-A87E-A918C5EFD907}
		{579C4715-598F-4A46-95B5-095BFEF005C4} = {951C0475-27EC-4EC3-8CC5-2EEE776F0ABD}
	EndGlobalSection
	GlobalSection(ExtensibilityGlobals) = postSolution
		SolutionGuid = {78E1CEAD-0A3A-48AB-81BB-C993B2660ECF}
	EndGlobalSection
EndGlobal
